
Microsoft Visual Studio Solution File, Format Version 12.00
# Visual Studio Version 16
VisualStudioVersion = 16.0.29009.5
MinimumVisualStudioVersion = 10.0.40219.1
Project("{2150E333-8FDC-42A3-9474-1A3956D46DE8}") = "src", "src", "{89412E0C-9F93-4FB0-ACB6-DC95174759A0}"
EndProject
Project("{2150E333-8FDC-42A3-9474-1A3956D46DE8}") = "test", "test", "{EE8B33C7-90A5-4CCF-99D9-BC9CF029F312}"
EndProject
Project("{2150E333-8FDC-42A3-9474-1A3956D46DE8}") = "misc", "misc", "{BB0AD8E1-B336-4058-9737-E2AE2B447BFC}"
	ProjectSection(SolutionItems) = preProject
		misc\changelog.txt = misc\changelog.txt
		misc\todo.txt = misc\todo.txt
	EndProjectSection
EndProject
Project("{2150E333-8FDC-42A3-9474-1A3956D46DE8}") = "nuget", "nuget", "{4EE5C30C-4201-4652-AB94-49E8F9E055C8}"
	ProjectSection(SolutionItems) = preProject
		nuget\TauCode.Db.nuspec = nuget\TauCode.Db.nuspec
	EndProjectSection
EndProject
Project("{9A19103F-16F7-4668-BE54-9A1E7A4F7556}") = "TauCode.Db", "src\TauCode.Db\TauCode.Db.csproj", "{202DC44E-5880-4A3E-A265-CA5CEFD5E085}"
EndProject
Project("{2150E333-8FDC-42A3-9474-1A3956D46DE8}") = "build", "build", "{A6E95C07-55C0-451D-9F85-444F66E0E85D}"
	ProjectSection(SolutionItems) = preProject
		build\azure-pipelines-dev.yml = build\azure-pipelines-dev.yml
		build\azure-pipelines.yml = build\azure-pipelines.yml
	EndProjectSection
EndProject
Project("{9A19103F-16F7-4668-BE54-9A1E7A4F7556}") = "TauCode.Db.Tests", "test\TauCode.Db.Tests\TauCode.Db.Tests.csproj", "{CF45169C-5D87-4708-8DD2-C95BDCF13768}"
EndProject
Project("{2150E333-8FDC-42A3-9474-1A3956D46DE8}") = "src-lab", "src-lab", "{22440056-61EE-4758-9EF3-31C1FBE9C0F0}"
EndProject
Project("{9A19103F-16F7-4668-BE54-9A1E7A4F7556}") = "TauCode.Lab.Db.SQLite", "src-lab\TauCode.Lab.Db.SQLite\TauCode.Lab.Db.SQLite.csproj", "{B779374E-39AB-4A52-B0BB-30C172B2DB3E}"
EndProject
Project("{9A19103F-16F7-4668-BE54-9A1E7A4F7556}") = "TauCode.Lab.Db.MySql", "src-lab\TauCode.Lab.Db.MySql\TauCode.Lab.Db.MySql.csproj", "{EEF80F2F-5D6B-4A54-8F17-C54BF5E1296B}"
EndProject
Project("{2150E333-8FDC-42A3-9474-1A3956D46DE8}") = "test-lab", "test-lab", "{551637F2-D144-402B-A50E-D31B419C61CF}"
EndProject
Project("{9A19103F-16F7-4668-BE54-9A1E7A4F7556}") = "TauCode.Lab.Db.MySql.Tests", "test-lab\TauCode.Lab.Db.MySql.Tests\TauCode.Lab.Db.MySql.Tests.csproj", "{B716A7F5-F310-4DEC-A4EE-46F853E104CA}"
EndProject
Project("{9A19103F-16F7-4668-BE54-9A1E7A4F7556}") = "TauCode.Lab.Db.SQLite.Tests", "test-lab\TauCode.Lab.Db.SQLite.Tests\TauCode.Lab.Db.SQLite.Tests.csproj", "{24C06CCC-04CA-44D1-A089-8B19EB592785}"
EndProject
Global
	GlobalSection(SolutionConfigurationPlatforms) = preSolution
		Debug|Any CPU = Debug|Any CPU
		Release|Any CPU = Release|Any CPU
	EndGlobalSection
	GlobalSection(ProjectConfigurationPlatforms) = postSolution
		{202DC44E-5880-4A3E-A265-CA5CEFD5E085}.Debug|Any CPU.ActiveCfg = Debug|Any CPU
		{202DC44E-5880-4A3E-A265-CA5CEFD5E085}.Debug|Any CPU.Build.0 = Debug|Any CPU
		{202DC44E-5880-4A3E-A265-CA5CEFD5E085}.Release|Any CPU.ActiveCfg = Release|Any CPU
		{202DC44E-5880-4A3E-A265-CA5CEFD5E085}.Release|Any CPU.Build.0 = Release|Any CPU
		{CF45169C-5D87-4708-8DD2-C95BDCF13768}.Debug|Any CPU.ActiveCfg = Debug|Any CPU
		{CF45169C-5D87-4708-8DD2-C95BDCF13768}.Debug|Any CPU.Build.0 = Debug|Any CPU
		{CF45169C-5D87-4708-8DD2-C95BDCF13768}.Release|Any CPU.ActiveCfg = Release|Any CPU
		{CF45169C-5D87-4708-8DD2-C95BDCF13768}.Release|Any CPU.Build.0 = Release|Any CPU
		{B779374E-39AB-4A52-B0BB-30C172B2DB3E}.Debug|Any CPU.ActiveCfg = Debug|Any CPU
		{B779374E-39AB-4A52-B0BB-30C172B2DB3E}.Debug|Any CPU.Build.0 = Debug|Any CPU
		{B779374E-39AB-4A52-B0BB-30C172B2DB3E}.Release|Any CPU.ActiveCfg = Release|Any CPU
		{B779374E-39AB-4A52-B0BB-30C172B2DB3E}.Release|Any CPU.Build.0 = Release|Any CPU
		{EEF80F2F-5D6B-4A54-8F17-C54BF5E1296B}.Debug|Any CPU.ActiveCfg = Debug|Any CPU
		{EEF80F2F-5D6B-4A54-8F17-C54BF5E1296B}.Debug|Any CPU.Build.0 = Debug|Any CPU
		{EEF80F2F-5D6B-4A54-8F17-C54BF5E1296B}.Release|Any CPU.ActiveCfg = Release|Any CPU
		{EEF80F2F-5D6B-4A54-8F17-C54BF5E1296B}.Release|Any CPU.Build.0 = Release|Any CPU
		{B716A7F5-F310-4DEC-A4EE-46F853E104CA}.Debug|Any CPU.ActiveCfg = Debug|Any CPU
		{B716A7F5-F310-4DEC-A4EE-46F853E104CA}.Debug|Any CPU.Build.0 = Debug|Any CPU
		{B716A7F5-F310-4DEC-A4EE-46F853E104CA}.Release|Any CPU.ActiveCfg = Release|Any CPU
		{B716A7F5-F310-4DEC-A4EE-46F853E104CA}.Release|Any CPU.Build.0 = Release|Any CPU
		{24C06CCC-04CA-44D1-A089-8B19EB592785}.Debug|Any CPU.ActiveCfg = Debug|Any CPU
		{24C06CCC-04CA-44D1-A089-8B19EB592785}.Debug|Any CPU.Build.0 = Debug|Any CPU
		{24C06CCC-04CA-44D1-A089-8B19EB592785}.Release|Any CPU.ActiveCfg = Release|Any CPU
		{24C06CCC-04CA-44D1-A089-8B19EB592785}.Release|Any CPU.Build.0 = Release|Any CPU
	EndGlobalSection
	GlobalSection(SolutionProperties) = preSolution
		HideSolutionNode = FALSE
	EndGlobalSection
	GlobalSection(NestedProjects) = preSolution
		{202DC44E-5880-4A3E-A265-CA5CEFD5E085} = {89412E0C-9F93-4FB0-ACB6-DC95174759A0}
		{CF45169C-5D87-4708-8DD2-C95BDCF13768} = {EE8B33C7-90A5-4CCF-99D9-BC9CF029F312}
		{B779374E-39AB-4A52-B0BB-30C172B2DB3E} = {22440056-61EE-4758-9EF3-31C1FBE9C0F0}
		{EEF80F2F-5D6B-4A54-8F17-C54BF5E1296B} = {22440056-61EE-4758-9EF3-31C1FBE9C0F0}
		{B716A7F5-F310-4DEC-A4EE-46F853E104CA} = {551637F2-D144-402B-A50E-D31B419C61CF}
		{24C06CCC-04CA-44D1-A089-8B19EB592785} = {551637F2-D144-402B-A50E-D31B419C61CF}
	EndGlobalSection
	GlobalSection(ExtensibilityGlobals) = postSolution
		SolutionGuid = {E033216E-1151-4D66-A416-3EBD14511CA8}
	EndGlobalSection
EndGlobal
