
Microsoft Visual Studio Solution File, Format Version 12.00
# Visual Studio Version 16
VisualStudioVersion = 16.0.29009.5
MinimumVisualStudioVersion = 10.0.40219.1
Project("{2150E333-8FDC-42A3-9474-1A3956D46DE8}") = "src", "src", "{89412E0C-9F93-4FB0-ACB6-DC95174759A0}"
EndProject
Project("{2150E333-8FDC-42A3-9474-1A3956D46DE8}") = "test", "test", "{EE8B33C7-90A5-4CCF-99D9-BC9CF029F312}"
EndProject
Project("{2150E333-8FDC-42A3-9474-1A3956D46DE8}") = "misc", "misc", "{BB0AD8E1-B336-4058-9737-E2AE2B447BFC}"
	ProjectSection(SolutionItems) = preProject
		misc\changelog.txt = misc\changelog.txt
		misc\todo.txt = misc\todo.txt
	EndProjectSection
EndProject
Project("{2150E333-8FDC-42A3-9474-1A3956D46DE8}") = "nuget", "nuget", "{4EE5C30C-4201-4652-AB94-49E8F9E055C8}"
	ProjectSection(SolutionItems) = preProject
		nuget\TauCode.Db.nuspec = nuget\TauCode.Db.nuspec
	EndProjectSection
EndProject
Project("{9A19103F-16F7-4668-BE54-9A1E7A4F7556}") = "TauCode.Db", "src\TauCode.Db\TauCode.Db.csproj", "{202DC44E-5880-4A3E-A265-CA5CEFD5E085}"
EndProject
Project("{2150E333-8FDC-42A3-9474-1A3956D46DE8}") = "build", "build", "{A6E95C07-55C0-451D-9F85-444F66E0E85D}"
	ProjectSection(SolutionItems) = preProject
		build\azure-pipelines-dev.yml = build\azure-pipelines-dev.yml
		build\azure-pipelines.yml = build\azure-pipelines.yml
	EndProjectSection
EndProject
Project("{9A19103F-16F7-4668-BE54-9A1E7A4F7556}") = "TauCode.Db.Tests", "test\TauCode.Db.Tests\TauCode.Db.Tests.csproj", "{CF45169C-5D87-4708-8DD2-C95BDCF13768}"
EndProject
Project("{2150E333-8FDC-42A3-9474-1A3956D46DE8}") = "tau-lab", "tau-lab", "{4F2F10FC-4558-4126-AB3A-A46B21EB9232}"
EndProject
Project("{2150E333-8FDC-42A3-9474-1A3956D46DE8}") = "test-lab", "test-lab", "{2A376322-E50C-4EEC-9E74-7A6DCB9B3C06}"
EndProject
Project("{9A19103F-16F7-4668-BE54-9A1E7A4F7556}") = "TauCode.Db.SqlClient", "tau-lab\TauCode.Db.SqlClient\TauCode.Db.SqlClient.csproj", "{5D4B8C9C-5778-4C25-A3B8-5C71A9DBEBB4}"
EndProject
Project("{9A19103F-16F7-4668-BE54-9A1E7A4F7556}") = "TauCode.Db.SqlClient.Tests", "test-lab\TauCode.Db.SqlClient.Tests\TauCode.Db.SqlClient.Tests.csproj", "{07803D8A-5F13-4E6F-9252-21524C122180}"
EndProject
Project("{9A19103F-16F7-4668-BE54-9A1E7A4F7556}") = "TauCode.Db.Npgsql", "tau-lab\TauCode.Db.Npgsql\TauCode.Db.Npgsql.csproj", "{C18AB02A-0FF3-4208-840B-5B0880B6181D}"
EndProject
Project("{9A19103F-16F7-4668-BE54-9A1E7A4F7556}") = "TauCode.Db.Npgsql.Tests", "test-lab\TauCode.Db.Npgsql.Tests\TauCode.Db.Npgsql.Tests.csproj", "{9EBBD84D-0711-443C-9D0F-690E404E0E99}"
EndProject
Project("{9A19103F-16F7-4668-BE54-9A1E7A4F7556}") = "TauCode.Db.MySql", "tau-lab\TauCode.Db.MySql\TauCode.Db.MySql.csproj", "{31100584-92B5-4B55-9837-75ACF9BCDA75}"
EndProject
Project("{9A19103F-16F7-4668-BE54-9A1E7A4F7556}") = "TauCode.Db.MySql.Tests", "test-lab\TauCode.Db.MySql.Tests\TauCode.Db.MySql.Tests.csproj", "{95A6092C-8F37-4FC7-B6A0-CBD9DBDE3013}"
EndProject
Project("{9A19103F-16F7-4668-BE54-9A1E7A4F7556}") = "TauCode.Db.SQLite", "tau-lab\TauCode.Db.SQLite\TauCode.Db.SQLite.csproj", "{CD5D732B-F156-446D-B54C-7D79F6FB1080}"
EndProject
Project("{9A19103F-16F7-4668-BE54-9A1E7A4F7556}") = "TauCode.Db.SQLite.Tests", "test-lab\TauCode.Db.SQLite.Tests\TauCode.Db.SQLite.Tests.csproj", "{3A71F130-9AC1-41E8-8292-3A61405D65F7}"
EndProject
Global
	GlobalSection(SolutionConfigurationPlatforms) = preSolution
		Debug|Any CPU = Debug|Any CPU
		Release|Any CPU = Release|Any CPU
	EndGlobalSection
	GlobalSection(ProjectConfigurationPlatforms) = postSolution
		{202DC44E-5880-4A3E-A265-CA5CEFD5E085}.Debug|Any CPU.ActiveCfg = Debug|Any CPU
		{202DC44E-5880-4A3E-A265-CA5CEFD5E085}.Debug|Any CPU.Build.0 = Debug|Any CPU
		{202DC44E-5880-4A3E-A265-CA5CEFD5E085}.Release|Any CPU.ActiveCfg = Release|Any CPU
		{202DC44E-5880-4A3E-A265-CA5CEFD5E085}.Release|Any CPU.Build.0 = Release|Any CPU
		{CF45169C-5D87-4708-8DD2-C95BDCF13768}.Debug|Any CPU.ActiveCfg = Debug|Any CPU
		{CF45169C-5D87-4708-8DD2-C95BDCF13768}.Debug|Any CPU.Build.0 = Debug|Any CPU
		{CF45169C-5D87-4708-8DD2-C95BDCF13768}.Release|Any CPU.ActiveCfg = Release|Any CPU
		{CF45169C-5D87-4708-8DD2-C95BDCF13768}.Release|Any CPU.Build.0 = Release|Any CPU
		{5D4B8C9C-5778-4C25-A3B8-5C71A9DBEBB4}.Debug|Any CPU.ActiveCfg = Debug|Any CPU
		{5D4B8C9C-5778-4C25-A3B8-5C71A9DBEBB4}.Debug|Any CPU.Build.0 = Debug|Any CPU
		{5D4B8C9C-5778-4C25-A3B8-5C71A9DBEBB4}.Release|Any CPU.ActiveCfg = Release|Any CPU
		{5D4B8C9C-5778-4C25-A3B8-5C71A9DBEBB4}.Release|Any CPU.Build.0 = Release|Any CPU
		{07803D8A-5F13-4E6F-9252-21524C122180}.Debug|Any CPU.ActiveCfg = Debug|Any CPU
		{07803D8A-5F13-4E6F-9252-21524C122180}.Debug|Any CPU.Build.0 = Debug|Any CPU
		{07803D8A-5F13-4E6F-9252-21524C122180}.Release|Any CPU.ActiveCfg = Release|Any CPU
		{07803D8A-5F13-4E6F-9252-21524C122180}.Release|Any CPU.Build.0 = Release|Any CPU
		{C18AB02A-0FF3-4208-840B-5B0880B6181D}.Debug|Any CPU.ActiveCfg = Debug|Any CPU
		{C18AB02A-0FF3-4208-840B-5B0880B6181D}.Debug|Any CPU.Build.0 = Debug|Any CPU
		{C18AB02A-0FF3-4208-840B-5B0880B6181D}.Release|Any CPU.ActiveCfg = Release|Any CPU
		{C18AB02A-0FF3-4208-840B-5B0880B6181D}.Release|Any CPU.Build.0 = Release|Any CPU
		{9EBBD84D-0711-443C-9D0F-690E404E0E99}.Debug|Any CPU.ActiveCfg = Debug|Any CPU
		{9EBBD84D-0711-443C-9D0F-690E404E0E99}.Debug|Any CPU.Build.0 = Debug|Any CPU
		{9EBBD84D-0711-443C-9D0F-690E404E0E99}.Release|Any CPU.ActiveCfg = Release|Any CPU
		{9EBBD84D-0711-443C-9D0F-690E404E0E99}.Release|Any CPU.Build.0 = Release|Any CPU
		{31100584-92B5-4B55-9837-75ACF9BCDA75}.Debug|Any CPU.ActiveCfg = Debug|Any CPU
		{31100584-92B5-4B55-9837-75ACF9BCDA75}.Debug|Any CPU.Build.0 = Debug|Any CPU
		{31100584-92B5-4B55-9837-75ACF9BCDA75}.Release|Any CPU.ActiveCfg = Release|Any CPU
		{31100584-92B5-4B55-9837-75ACF9BCDA75}.Release|Any CPU.Build.0 = Release|Any CPU
		{95A6092C-8F37-4FC7-B6A0-CBD9DBDE3013}.Debug|Any CPU.ActiveCfg = Debug|Any CPU
		{95A6092C-8F37-4FC7-B6A0-CBD9DBDE3013}.Debug|Any CPU.Build.0 = Debug|Any CPU
		{95A6092C-8F37-4FC7-B6A0-CBD9DBDE3013}.Release|Any CPU.ActiveCfg = Release|Any CPU
		{95A6092C-8F37-4FC7-B6A0-CBD9DBDE3013}.Release|Any CPU.Build.0 = Release|Any CPU
		{CD5D732B-F156-446D-B54C-7D79F6FB1080}.Debug|Any CPU.ActiveCfg = Debug|Any CPU
		{CD5D732B-F156-446D-B54C-7D79F6FB1080}.Debug|Any CPU.Build.0 = Debug|Any CPU
		{CD5D732B-F156-446D-B54C-7D79F6FB1080}.Release|Any CPU.ActiveCfg = Release|Any CPU
		{CD5D732B-F156-446D-B54C-7D79F6FB1080}.Release|Any CPU.Build.0 = Release|Any CPU
		{3A71F130-9AC1-41E8-8292-3A61405D65F7}.Debug|Any CPU.ActiveCfg = Debug|Any CPU
		{3A71F130-9AC1-41E8-8292-3A61405D65F7}.Debug|Any CPU.Build.0 = Debug|Any CPU
		{3A71F130-9AC1-41E8-8292-3A61405D65F7}.Release|Any CPU.ActiveCfg = Release|Any CPU
		{3A71F130-9AC1-41E8-8292-3A61405D65F7}.Release|Any CPU.Build.0 = Release|Any CPU
	EndGlobalSection
	GlobalSection(SolutionProperties) = preSolution
		HideSolutionNode = FALSE
	EndGlobalSection
	GlobalSection(NestedProjects) = preSolution
		{202DC44E-5880-4A3E-A265-CA5CEFD5E085} = {89412E0C-9F93-4FB0-ACB6-DC95174759A0}
		{CF45169C-5D87-4708-8DD2-C95BDCF13768} = {EE8B33C7-90A5-4CCF-99D9-BC9CF029F312}
		{5D4B8C9C-5778-4C25-A3B8-5C71A9DBEBB4} = {4F2F10FC-4558-4126-AB3A-A46B21EB9232}
		{07803D8A-5F13-4E6F-9252-21524C122180} = {2A376322-E50C-4EEC-9E74-7A6DCB9B3C06}
		{C18AB02A-0FF3-4208-840B-5B0880B6181D} = {4F2F10FC-4558-4126-AB3A-A46B21EB9232}
		{9EBBD84D-0711-443C-9D0F-690E404E0E99} = {2A376322-E50C-4EEC-9E74-7A6DCB9B3C06}
		{31100584-92B5-4B55-9837-75ACF9BCDA75} = {4F2F10FC-4558-4126-AB3A-A46B21EB9232}
		{95A6092C-8F37-4FC7-B6A0-CBD9DBDE3013} = {2A376322-E50C-4EEC-9E74-7A6DCB9B3C06}
		{CD5D732B-F156-446D-B54C-7D79F6FB1080} = {4F2F10FC-4558-4126-AB3A-A46B21EB9232}
		{3A71F130-9AC1-41E8-8292-3A61405D65F7} = {2A376322-E50C-4EEC-9E74-7A6DCB9B3C06}
	EndGlobalSection
	GlobalSection(ExtensibilityGlobals) = postSolution
		SolutionGuid = {E033216E-1151-4D66-A416-3EBD14511CA8}
	EndGlobalSection
EndGlobal
